
Microsoft Visual Studio Solution File, Format Version 12.00
# Visual Studio Version 17
VisualStudioVersion = 17.5.002.0
MinimumVisualStudioVersion = 10.0.40219.1
Project("{9A19103F-16F7-4668-BE54-9A1E7A4F7556}") = "TraditionalPageLifecycle", "TraditionalPageLifecycle\TraditionalPageLifecycle.csproj", "{6536FABC-630A-48D0-A17A-1E2A89BCC36F}"
EndProject
Project("{2150E333-8FDC-42A3-9474-1A3956D46DE8}") = "SpaLifecyle", "SpaLifecyle", "{AFD0C84F-A6DD-461B-885C-C1B1E55666E2}"
EndProject
Project("{9A19103F-16F7-4668-BE54-9A1E7A4F7556}") = "SpaLifecyle", "SpaLifecyle\API\SpaLifecyle.csproj", "{55BB1D96-3F4E-40C9-A342-9D44B649CEF2}"
EndProject
Global
	GlobalSection(SolutionConfigurationPlatforms) = preSolution
		Debug|Any CPU = Debug|Any CPU
		Release|Any CPU = Release|Any CPU
	EndGlobalSection
	GlobalSection(ProjectConfigurationPlatforms) = postSolution
		{6536FABC-630A-48D0-A17A-1E2A89BCC36F}.Debug|Any CPU.ActiveCfg = Debug|Any CPU
		{6536FABC-630A-48D0-A17A-1E2A89BCC36F}.Debug|Any CPU.Build.0 = Debug|Any CPU
		{6536FABC-630A-48D0-A17A-1E2A89BCC36F}.Release|Any CPU.ActiveCfg = Release|Any CPU
		{6536FABC-630A-48D0-A17A-1E2A89BCC36F}.Release|Any CPU.Build.0 = Release|Any CPU
		{55BB1D96-3F4E-40C9-A342-9D44B649CEF2}.Debug|Any CPU.ActiveCfg = Debug|Any CPU
		{55BB1D96-3F4E-40C9-A342-9D44B649CEF2}.Debug|Any CPU.Build.0 = Debug|Any CPU
		{55BB1D96-3F4E-40C9-A342-9D44B649CEF2}.Release|Any CPU.ActiveCfg = Release|Any CPU
		{55BB1D96-3F4E-40C9-A342-9D44B649CEF2}.Release|Any CPU.Build.0 = Release|Any CPU
	EndGlobalSection
	GlobalSection(SolutionProperties) = preSolution
		HideSolutionNode = FALSE
	EndGlobalSection
	GlobalSection(NestedProjects) = preSolution
		{55BB1D96-3F4E-40C9-A342-9D44B649CEF2} = {AFD0C84F-A6DD-461B-885C-C1B1E55666E2}
	EndGlobalSection
	GlobalSection(ExtensibilityGlobals) = postSolution
		SolutionGuid = {944FF13D-9C26-4014-8ECC-D79E4DF36C9B}
	EndGlobalSection
EndGlobal
